
Microsoft Visual Studio Solution File, Format Version 12.00
# Visual Studio Version 16
VisualStudioVersion = 16.0.29503.13
MinimumVisualStudioVersion = 10.0.40219.1
Project("{FAE04EC0-301F-11D3-BF4B-00C04F79EFBC}") = "SignalRMvcChat", "SignalRMvcChat\SignalRMvcChat.csproj", "{EC6C54F3-F9A4-4267-9AC8-BE111F1F807F}"
EndProject
Global
	GlobalSection(SolutionConfigurationPlatforms) = preSolution
		Debug|Any CPU = Debug|Any CPU
		Release|Any CPU = Release|Any CPU
	EndGlobalSection
	GlobalSection(ProjectConfigurationPlatforms) = postSolution
		{EC6C54F3-F9A4-4267-9AC8-BE111F1F807F}.Debug|Any CPU.ActiveCfg = Debug|Any CPU
		{EC6C54F3-F9A4-4267-9AC8-BE111F1F807F}.Debug|Any CPU.Build.0 = Debug|Any CPU
		{EC6C54F3-F9A4-4267-9AC8-BE111F1F807F}.Release|Any CPU.ActiveCfg = Release|Any CPU
		{EC6C54F3-F9A4-4267-9AC8-BE111F1F807F}.Release|Any CPU.Build.0 = Release|Any CPU
	EndGlobalSection
	GlobalSection(SolutionProperties) = preSolution
		HideSolutionNode = FALSE
	EndGlobalSection
	GlobalSection(ExtensibilityGlobals) = postSolution
		SolutionGuid = {0BD2376C-056C-4FAE-9269-5D846801CA1D}
	EndGlobalSection
EndGlobal
